Microsoft Visual Studio Solution File, Format Version 12.00
# Visual Studio Version 17
VisualStudioVersion = 17.5.2.0
MinimumVisualStudioVersion = 10.0.40219.1
Project("{FAE04EC0-301F-11D3-BF4B-00C04F79EFBC}") = "DemoTravelApi", "DemoTravelApi.csproj", "{709A5405-D97E-0196-922C-52B6935549AF}"
EndProject
Global
	GlobalSection(SolutionConfigurationPlatforms) = preSolution
		Debug|Any CPU = Debug|Any CPU
		Release|Any CPU = Release|Any CPU
	EndGlobalSection
	GlobalSection(ProjectConfigurationPlatforms) = postSolution
		{709A5405-D97E-0196-922C-52B6935549AF}.Debug|Any CPU.ActiveCfg = Debug|Any CPU
		{709A5405-D97E-0196-922C-52B6935549AF}.Debug|Any CPU.Build.0 = Debug|Any CPU
		{709A5405-D97E-0196-922C-52B6935549AF}.Release|Any CPU.ActiveCfg = Release|Any CPU
		{709A5405-D97E-0196-922C-52B6935549AF}.Release|Any CPU.Build.0 = Release|Any CPU
	EndGlobalSection
	GlobalSection(SolutionProperties) = preSolution
		HideSolutionNode = FALSE
	EndGlobalSection
	GlobalSection(ExtensibilityGlobals) = postSolution
		SolutionGuid = {2D4B2221-4B0D-4814-83DA-722761F54712}
	EndGlobalSection
EndGlobal
